
Microsoft Visual Studio Solution File, Format Version 12.00
# Visual Studio Version 17
VisualStudioVersion = 17.4.33122.133
MinimumVisualStudioVersion = 10.0.40219.1
Project("{FAE04EC0-301F-11D3-BF4B-00C04F79EFBC}") = "GroceryStore", "GroceryStore\GroceryStore.csproj", "{52DADAF2-5416-496C-A312-C60D734E9B3A}"
EndProject
Global
	GlobalSection(SolutionConfigurationPlatforms) = preSolution
		Debug|Any CPU = Debug|Any CPU
		Release|Any CPU = Release|Any CPU
	EndGlobalSection
	GlobalSection(ProjectConfigurationPlatforms) = postSolution
		{52DADAF2-5416-496C-A312-C60D734E9B3A}.Debug|Any CPU.ActiveCfg = Debug|Any CPU
		{52DADAF2-5416-496C-A312-C60D734E9B3A}.Debug|Any CPU.Build.0 = Debug|Any CPU
		{52DADAF2-5416-496C-A312-C60D734E9B3A}.Release|Any CPU.ActiveCfg = Release|Any CPU
		{52DADAF2-5416-496C-A312-C60D734E9B3A}.Release|Any CPU.Build.0 = Release|Any CPU
	EndGlobalSection
	GlobalSection(SolutionProperties) = preSolution
		HideSolutionNode = FALSE
	EndGlobalSection
	GlobalSection(ExtensibilityGlobals) = postSolution
		SolutionGuid = {0C89296B-33E2-4F0E-9682-EEE28DE0A25D}
	EndGlobalSection
EndGlobal
